
Microsoft Visual Studio Solution File, Format Version 12.00
# Visual Studio Version 17
VisualStudioVersion = 17.4.33122.133
MinimumVisualStudioVersion = 10.0.40219.1
Project("{FAE04EC0-301F-11D3-BF4B-00C04F79EFBC}") = "ProducerKafka", "ProducerKafka\ProducerKafka.csproj", "{2FF191AF-4353-471B-BE9E-22CFE7E075E3}"
EndProject
Project("{FAE04EC0-301F-11D3-BF4B-00C04F79EFBC}") = "ConsumerKafka", "ConsumerKafka\ConsumerKafka.csproj", "{8D82CD4A-38CC-4168-A2D8-0E52C5D94C01}"
EndProject
Global
	GlobalSection(SolutionConfigurationPlatforms) = preSolution
		Debug|Any CPU = Debug|Any CPU
		Release|Any CPU = Release|Any CPU
	EndGlobalSection
	GlobalSection(ProjectConfigurationPlatforms) = postSolution
		{2FF191AF-4353-471B-BE9E-22CFE7E075E3}.Debug|Any CPU.ActiveCfg = Debug|Any CPU
		{2FF191AF-4353-471B-BE9E-22CFE7E075E3}.Debug|Any CPU.Build.0 = Debug|Any CPU
		{2FF191AF-4353-471B-BE9E-22CFE7E075E3}.Release|Any CPU.ActiveCfg = Release|Any CPU
		{2FF191AF-4353-471B-BE9E-22CFE7E075E3}.Release|Any CPU.Build.0 = Release|Any CPU
		{8D82CD4A-38CC-4168-A2D8-0E52C5D94C01}.Debug|Any CPU.ActiveCfg = Debug|Any CPU
		{8D82CD4A-38CC-4168-A2D8-0E52C5D94C01}.Debug|Any CPU.Build.0 = Debug|Any CPU
		{8D82CD4A-38CC-4168-A2D8-0E52C5D94C01}.Release|Any CPU.ActiveCfg = Release|Any CPU
		{8D82CD4A-38CC-4168-A2D8-0E52C5D94C01}.Release|Any CPU.Build.0 = Release|Any CPU
	EndGlobalSection
	GlobalSection(SolutionProperties) = preSolution
		HideSolutionNode = FALSE
	EndGlobalSection
	GlobalSection(ExtensibilityGlobals) = postSolution
		SolutionGuid = {8EDFD8C1-B4B6-44F0-AA05-C4DDF78C7059}
	EndGlobalSection
EndGlobal
